
Microsoft Visual Studio Solution File, Format Version 12.00
# Visual Studio Version 16
VisualStudioVersion = 16.0.31613.86
MinimumVisualStudioVersion = 10.0.40219.1
Project("{FAE04EC0-301F-11D3-BF4B-00C04F79EFBC}") = "RickAndMorthyStore.Api", "RickAndMorthyStore.Api\RickAndMorthyStore.Api.csproj", "{D5CBDE8A-2569-4E27-A933-3164D6FFCA4C}"
EndProject
Global
	GlobalSection(SolutionConfigurationPlatforms) = preSolution
		Debug|Any CPU = Debug|Any CPU
		Release|Any CPU = Release|Any CPU
	EndGlobalSection
	GlobalSection(ProjectConfigurationPlatforms) = postSolution
		{D5CBDE8A-2569-4E27-A933-3164D6FFCA4C}.Debug|Any CPU.ActiveCfg = Debug|Any CPU
		{D5CBDE8A-2569-4E27-A933-3164D6FFCA4C}.Debug|Any CPU.Build.0 = Debug|Any CPU
		{D5CBDE8A-2569-4E27-A933-3164D6FFCA4C}.Release|Any CPU.ActiveCfg = Release|Any CPU
		{D5CBDE8A-2569-4E27-A933-3164D6FFCA4C}.Release|Any CPU.Build.0 = Release|Any CPU
	EndGlobalSection
	GlobalSection(SolutionProperties) = preSolution
		HideSolutionNode = FALSE
	EndGlobalSection
	GlobalSection(ExtensibilityGlobals) = postSolution
		SolutionGuid = {7D717721-2323-4D58-AE81-CE7BDD959D41}
	EndGlobalSection
EndGlobal
